{
  "name": "fractals-cli",
  "version": "0.0.1",
  "lockfileVersion": 2,
  "requires": true,
  "packages": {
    "": {
      "name": "fractals-cli",
      "version": "0.0.1",
      "license": "MIT",
      "dependencies": {
        "hexaflake-cli": "^1.2.0",
        "koch-antisnowflake-cli": "^1.2.0",
        "koch-snowflake-cli": "^1.2.0",
        "sierpinski-carpet-cli": "^1.1.2",
        "sierpinski-hexagon-cli": "^1.2.0",
        "sierpinski-triangle-cli": "^1.2.3",
        "t-square-cli": "^1.1.0",
        "triflake-cli": "^1.2.0",
        "vicsek-fractal-cli": "^1.1.1"
      },
      "bin": {
        "fractals-cli": "src/cli.js"
      }
    },
    "node_modules/hexaflake-cli": {
      "version": "1.2.0",
      "resolved": "https://registry.npmjs.org/hexaflake-cli/-/hexaflake-cli-1.2.0.tgz",
      "integrity": "sha512-T/M4VseRGV+41vwGaag0FHRwh7HD13eZw9RuR9WufL+AwujwWsTMVhTelbjyVXobeYczOx1XFtIveCF0sb3zxA==",
      "bin": {
        "hexaflake-cli": "src/cli.js"
      }
    },
    "node_modules/koch-antisnowflake-cli": {
      "version": "1.2.0",
      "resolved": "https://registry.npmjs.org/koch-antisnowflake-cli/-/koch-antisnowflake-cli-1.2.0.tgz",
      "integrity": "sha512-bnILLlA7lOHst4I+jZSAXEg58kDOTUhEwpPLPV1fNJvBfshn2F5UKYHK46bl6mpKkg8pSMEB+J4W0NhfYNVuxg==",
      "dependencies": {
        "koch-snowflake-cli": "^1.2.0"
      },
      "bin": {
        "koch-antisnowflake-cli": "src/cli.js"
      }
    },
    "node_modules/koch-snowflake-cli": {
      "version": "1.2.0",
      "resolved": "https://registry.npmjs.org/koch-snowflake-cli/-/koch-snowflake-cli-1.2.0.tgz",
      "integrity": "sha512-Z18E0VIwQHjVh7KFeICh+OLsmuOrVMfonxCXXQe+XS3TwP43sTQETN1AlSF5dtJKBCoGFbUoVKpnTAXZaWLeFQ==",
      "dependencies": {
        "sierpinski-hexagon-cli": "^1.2.0"
      },
      "bin": {
        "koch-snowflake-cli": "src/cli.js"
      }
    },
    "node_modules/sierpinski-carpet-cli": {
      "version": "1.1.2",
      "resolved": "https://registry.npmjs.org/sierpinski-carpet-cli/-/sierpinski-carpet-cli-1.1.2.tgz",
      "integrity": "sha512-zGSmQktG+ocsqTTYtK2gQEt4ChP1KnOAK5HAqvcDuvUb2TmeO4HTNVTjL9vZVsdSLRIc57urWngiUsTuEouwfg==",
      "bin": {
        "sierpinski-carpet-cli": "src/cli.js"
      }
    },
    "node_modules/sierpinski-hexagon-cli": {
      "version": "1.2.0",
      "resolved": "https://registry.npmjs.org/sierpinski-hexagon-cli/-/sierpinski-hexagon-cli-1.2.0.tgz",
      "integrity": "sha512-R9ah/OiGgsOFHHZkMR9yUEDPHJtkuXDJHwYjBOJ81OLn/EKJFQkGz/Qc0KcsdGL+ga+n9Fei41a9sYc/g74WkQ==",
      "bin": {
        "sierpinski-hexagon-cli": "src/cli.js"
      }
    },
    "node_modules/sierpinski-triangle-cli": {
      "version": "1.2.3",
      "resolved": "https://registry.npmjs.org/sierpinski-triangle-cli/-/sierpinski-triangle-cli-1.2.3.tgz",
      "integrity": "sha512-vo1q8/gnCR1tpz3Zo2tmetZds/wASTl6O5Uf3k1CQ/b45XfzQn7zOQMu5jY19I5Ysdn7mRHJv0JtB+bHquRC3g==",
      "bin": {
        "sierpinski-triangle-cli": "src/cli.js"
      }
    },
    "node_modules/t-square-cli": {
      "version": "1.1.0",
      "resolved": "https://registry.npmjs.org/t-square-cli/-/t-square-cli-1.1.0.tgz",
      "integrity": "sha512-MJDyYv51e25ATE9JfUxGugPHS1QM2/Z96pF5w3jIdoc/DpUpDtzqx/MqRZF4YLoSbDMnCdDWgu/Ph4Q8XJ1AOA==",
      "bin": {
        "t-square-cli": "src/cli.js"
      }
    },
    "node_modules/triflake-cli": {
      "version": "1.2.0",
      "resolved": "https://registry.npmjs.org/triflake-cli/-/triflake-cli-1.2.0.tgz",
      "integrity": "sha512-nI1tvidyp3c5jEUkpPLxIfI/Rx8djMmCQ3mrWTVDqE8JnpPDLAGgfx5Wo2HHJyUPMTQUMCqOgX5UVuavFxM/PA==",
      "dependencies": {
        "koch-antisnowflake-cli": "^1.2.0"
      },
      "bin": {
        "triflake-cli": "src/cli.js"
      }
    },
    "node_modules/vicsek-fractal-cli": {
      "version": "1.1.1",
      "resolved": "https://registry.npmjs.org/vicsek-fractal-cli/-/vicsek-fractal-cli-1.1.1.tgz",
      "integrity": "sha512-P7OugpUAKJlIrkxBa6M7hpX30kjbUYphzCQ6Hl3FkC+Ji/Tc9zwNi6CqdR1ZZ+yM+sCjHJ2XYpGZwdd2pF8vlQ==",
      "bin": {
        "vicsek-fractal-cli": "src/cli.js"
      }
    }
  },
  "dependencies": {
    "hexaflake-cli": {
      "version": "1.2.0",
      "resolved": "https://registry.npmjs.org/hexaflake-cli/-/hexaflake-cli-1.2.0.tgz",
      "integrity": "sha512-T/M4VseRGV+41vwGaag0FHRwh7HD13eZw9RuR9WufL+AwujwWsTMVhTelbjyVXobeYczOx1XFtIveCF0sb3zxA=="
    },
    "koch-antisnowflake-cli": {
      "version": "1.2.0",
      "resolved": "https://registry.npmjs.org/koch-antisnowflake-cli/-/koch-antisnowflake-cli-1.2.0.tgz",
      "integrity": "sha512-bnILLlA7lOHst4I+jZSAXEg58kDOTUhEwpPLPV1fNJvBfshn2F5UKYHK46bl6mpKkg8pSMEB+J4W0NhfYNVuxg==",
      "requires": {
        "koch-snowflake-cli": "^1.2.0"
      }
    },
    "koch-snowflake-cli": {
      "version": "1.2.0",
      "resolved": "https://registry.npmjs.org/koch-snowflake-cli/-/koch-snowflake-cli-1.2.0.tgz",
      "integrity": "sha512-Z18E0VIwQHjVh7KFeICh+OLsmuOrVMfonxCXXQe+XS3TwP43sTQETN1AlSF5dtJKBCoGFbUoVKpnTAXZaWLeFQ==",
      "requires": {
        "sierpinski-hexagon-cli": "^1.2.0"
      }
    },
    "sierpinski-carpet-cli": {
      "version": "1.1.2",
      "resolved": "https://registry.npmjs.org/sierpinski-carpet-cli/-/sierpinski-carpet-cli-1.1.2.tgz",
      "integrity": "sha512-zGSmQktG+ocsqTTYtK2gQEt4ChP1KnOAK5HAqvcDuvUb2TmeO4HTNVTjL9vZVsdSLRIc57urWngiUsTuEouwfg=="
    },
    "sierpinski-hexagon-cli": {
      "version": "1.2.0",
      "resolved": "https://registry.npmjs.org/sierpinski-hexagon-cli/-/sierpinski-hexagon-cli-1.2.0.tgz",
      "integrity": "sha512-R9ah/OiGgsOFHHZkMR9yUEDPHJtkuXDJHwYjBOJ81OLn/EKJFQkGz/Qc0KcsdGL+ga+n9Fei41a9sYc/g74WkQ=="
    },
    "sierpinski-triangle-cli": {
      "version": "1.2.3",
      "resolved": "https://registry.npmjs.org/sierpinski-triangle-cli/-/sierpinski-triangle-cli-1.2.3.tgz",
      "integrity": "sha512-vo1q8/gnCR1tpz3Zo2tmetZds/wASTl6O5Uf3k1CQ/b45XfzQn7zOQMu5jY19I5Ysdn7mRHJv0JtB+bHquRC3g=="
    },
    "t-square-cli": {
      "version": "1.1.0",
      "resolved": "https://registry.npmjs.org/t-square-cli/-/t-square-cli-1.1.0.tgz",
      "integrity": "sha512-MJDyYv51e25ATE9JfUxGugPHS1QM2/Z96pF5w3jIdoc/DpUpDtzqx/MqRZF4YLoSbDMnCdDWgu/Ph4Q8XJ1AOA=="
    },
    "triflake-cli": {
      "version": "1.2.0",
      "resolved": "https://registry.npmjs.org/triflake-cli/-/triflake-cli-1.2.0.tgz",
      "integrity": "sha512-nI1tvidyp3c5jEUkpPLxIfI/Rx8djMmCQ3mrWTVDqE8JnpPDLAGgfx5Wo2HHJyUPMTQUMCqOgX5UVuavFxM/PA==",
      "requires": {
        "koch-antisnowflake-cli": "^1.2.0"
      }
    },
    "vicsek-fractal-cli": {
      "version": "1.1.1",
      "resolved": "https://registry.npmjs.org/vicsek-fractal-cli/-/vicsek-fractal-cli-1.1.1.tgz",
      "integrity": "sha512-P7OugpUAKJlIrkxBa6M7hpX30kjbUYphzCQ6Hl3FkC+Ji/Tc9zwNi6CqdR1ZZ+yM+sCjHJ2XYpGZwdd2pF8vlQ=="
    }
  }
}
